{"version":4,"terraform_version":"1.8.6","serial":7,"lineage":"d66d1919-cd48-0a32-cee2-8b92a99a3c96","outputs":{},"resources":[{"mode":"managed","type":"aws_s3_bucket","name":"my_bucket","provider":"provider[\"registry.opentofu.org/hashicorp/aws\"]","instances":[{"schema_version":0,"attributes":{"acceleration_status":"","acl":"private","arn":"arn:aws:s3:::my-terraform-s3-bucket-example","bucket":"my-terraform-s3-bucket-example","bucket_domain_name":"my-terraform-s3-bucket-example.s3.amazonaws.com","bucket_prefix":"","bucket_regional_domain_name":"my-terraform-s3-bucket-example.s3.us-west-2.amazonaws.com","cors_rule":[],"force_destroy":false,"grant":[{"id":"361a6a8fc02c7aac65c28fcd5a1e27d3001e6480009900172a1fa85697f3cc6a","permissions":["FULL_CONTROL"],"type":"CanonicalUser","uri":""}],"hosted_zone_id":"Z3BJ6K6RIION7M","id":"my-terraform-s3-bucket-example","lifecycle_rule":[],"logging":[],"object_lock_configuration":[],"object_lock_enabled":false,"policy":"","region":"us-west-2","replication_configuration":[],"request_payer":"BucketOwner","server_side_encryption_configuration":[{"rule":[{"apply_server_side_encryption_by_default":[{"kms_master_key_id":"","sse_algorithm":"AES256"}],"bucket_key_enabled":false}]}],"tags":null,"tags_all":{},"timeouts":null,"versioning":[{"enabled":false,"mfa_delete":false}],"website":[],"website_domain":null,"website_endpoint":null},"sensitive_attributes":[],"private":"eyJlMmJmYjczMC1lY2FhLTExZTYtOGY4OC0zNDM2M2JjN2M0YzAiOnsiY3JlYXRlIjoxMjAwMDAwMDAwMDAwLCJkZWxldGUiOjM2MDAwMDAwMDAwMDAsInJlYWQiOjEyMDAwMDAwMDAwMDAsInVwZGF0ZSI6MTIwMDAwMDAwMDAwMH19"}]},{"mode":"managed","type":"aws_s3_object","name":"my_object","provider":"provider[\"registry.opentofu.org/hashicorp/aws\"]","instances":[{"schema_version":0,"attributes":{"acl":"private","arn":"arn:aws:s3:::my-terraform-s3-bucket-example/folder/myfile.txt","bucket":"my-terraform-s3-bucket-example","bucket_key_enabled":false,"cache_control":"","checksum_algorithm":null,"checksum_crc32":"","checksum_crc32c":"","checksum_sha1":"","checksum_sha256":"","content":null,"content_base64":null,"content_disposition":"","content_encoding":"","content_language":"","content_type":"application/octet-stream","etag":"88a246c21818c9f7fb26fe9bc74bfa6d","force_destroy":false,"id":"folder/myfile.txt","key":"folder/myfile.txt","kms_key_id":null,"metadata":null,"object_lock_legal_hold_status":"","object_lock_mode":"","object_lock_retain_until_date":"","override_provider":[],"server_side_encryption":"AES256","source":"./file.txt","source_hash":null,"storage_class":"STANDARD","tags":null,"tags_all":{},"version_id":"","website_redirect":""},"sensitive_attributes":[],"private":"bnVsbA==","dependencies":["aws_s3_bucket.my_bucket"]}]}],"check_results":null}
